
Microsoft Visual Studio Solution File, Format Version 12.00
# Visual Studio Version 17
VisualStudioVersion = 17.5.33516.290
MinimumVisualStudioVersion = 10.0.40219.1
Project("{9A19103F-16F7-4668-BE54-9A1E7A4F7556}") = "ErpManager.ERP", "src\ErpManager\ErpManager.ERP.csproj", "{6575DB13-9679-4638-A127-8F91E738D75C}"
EndProject
Project("{9A19103F-16F7-4668-BE54-9A1E7A4F7556}") = "ErpManager.Persistence", "src\Common\Persistence\ErpManager.Persistence.csproj", "{1EF0AB07-920A-4B68-AB72-00A014574F44}"
EndProject
Project("{9A19103F-16F7-4668-BE54-9A1E7A4F7556}") = "ErpManager.Domain", "src\Common\Domain\ErpManager.Domain.csproj", "{A24D1EA9-A20B-4B3A-BB7B-666FCEFC12BE}"
EndProject
Project("{9A19103F-16F7-4668-BE54-9A1E7A4F7556}") = "ErpManager.Infrastructure", "src\Common\Infrastructure\ErpManager.Infrastructure.csproj", "{E813A4A0-2279-4A61-8306-E4EC01A43985}"
EndProject
Project("{9A19103F-16F7-4668-BE54-9A1E7A4F7556}") = "ErpManager.Common", "src\Common\Common\ErpManager.Common.csproj", "{ACBAD902-1BCC-456F-9439-4DE6C1756BD2}"
EndProject
Project("{2150E333-8FDC-42A3-9474-1A3956D46DE8}") = "Solution Items", "Solution Items", "{084FD3A6-8264-4227-B00D-6A4F390C3152}"
	ProjectSection(SolutionItems) = preProject
		.editorconfig = .editorconfig
	EndProjectSection
EndProject
Global
	GlobalSection(SolutionConfigurationPlatforms) = preSolution
		Debug|Any CPU = Debug|Any CPU
		Release|Any CPU = Release|Any CPU
	EndGlobalSection
	GlobalSection(ProjectConfigurationPlatforms) = postSolution
		{6575DB13-9679-4638-A127-8F91E738D75C}.Debug|Any CPU.ActiveCfg = Debug|Any CPU
		{6575DB13-9679-4638-A127-8F91E738D75C}.Debug|Any CPU.Build.0 = Debug|Any CPU
		{6575DB13-9679-4638-A127-8F91E738D75C}.Release|Any CPU.ActiveCfg = Release|Any CPU
		{6575DB13-9679-4638-A127-8F91E738D75C}.Release|Any CPU.Build.0 = Release|Any CPU
		{1EF0AB07-920A-4B68-AB72-00A014574F44}.Debug|Any CPU.ActiveCfg = Debug|Any CPU
		{1EF0AB07-920A-4B68-AB72-00A014574F44}.Debug|Any CPU.Build.0 = Debug|Any CPU
		{1EF0AB07-920A-4B68-AB72-00A014574F44}.Release|Any CPU.ActiveCfg = Release|Any CPU
		{1EF0AB07-920A-4B68-AB72-00A014574F44}.Release|Any CPU.Build.0 = Release|Any CPU
		{A24D1EA9-A20B-4B3A-BB7B-666FCEFC12BE}.Debug|Any CPU.ActiveCfg = Debug|Any CPU
		{A24D1EA9-A20B-4B3A-BB7B-666FCEFC12BE}.Debug|Any CPU.Build.0 = Debug|Any CPU
		{A24D1EA9-A20B-4B3A-BB7B-666FCEFC12BE}.Release|Any CPU.ActiveCfg = Release|Any CPU
		{A24D1EA9-A20B-4B3A-BB7B-666FCEFC12BE}.Release|Any CPU.Build.0 = Release|Any CPU
		{E813A4A0-2279-4A61-8306-E4EC01A43985}.Debug|Any CPU.ActiveCfg = Debug|Any CPU
		{E813A4A0-2279-4A61-8306-E4EC01A43985}.Debug|Any CPU.Build.0 = Debug|Any CPU
		{E813A4A0-2279-4A61-8306-E4EC01A43985}.Release|Any CPU.ActiveCfg = Release|Any CPU
		{E813A4A0-2279-4A61-8306-E4EC01A43985}.Release|Any CPU.Build.0 = Release|Any CPU
		{ACBAD902-1BCC-456F-9439-4DE6C1756BD2}.Debug|Any CPU.ActiveCfg = Debug|Any CPU
		{ACBAD902-1BCC-456F-9439-4DE6C1756BD2}.Debug|Any CPU.Build.0 = Debug|Any CPU
		{ACBAD902-1BCC-456F-9439-4DE6C1756BD2}.Release|Any CPU.ActiveCfg = Release|Any CPU
		{ACBAD902-1BCC-456F-9439-4DE6C1756BD2}.Release|Any CPU.Build.0 = Release|Any CPU
	EndGlobalSection
	GlobalSection(SolutionProperties) = preSolution
		HideSolutionNode = FALSE
	EndGlobalSection
	GlobalSection(ExtensibilityGlobals) = postSolution
		SolutionGuid = {265B1FE8-F026-4E67-AADF-7650C64AE35C}
	EndGlobalSection
EndGlobal
