
Microsoft Visual Studio Solution File, Format Version 12.00
# Visual Studio Version 17
VisualStudioVersion = 17.9.34728.123
MinimumVisualStudioVersion = 10.0.40219.1
Project("{9A19103F-16F7-4668-BE54-9A1E7A4F7556}") = "SmartCommerce.Common", "Common\Common\SmartCommerce.Common.csproj", "{0FAD61B2-585F-46EC-9D78-6A3616DD76C6}"
EndProject
Project("{9A19103F-16F7-4668-BE54-9A1E7A4F7556}") = "SmartCommerce.Domain", "Common\Domain\SmartCommerce.Domain.csproj", "{FE81A6D3-07B1-428B-9C65-00ABA9004F18}"
EndProject
Project("{9A19103F-16F7-4668-BE54-9A1E7A4F7556}") = "SmartCommerce.Infrastructure", "Common\Infrastructure\SmartCommerce.Infrastructure.csproj", "{6ED7329A-3EC9-486E-8329-ED3EEAA69BFC}"
EndProject
Project("{9A19103F-16F7-4668-BE54-9A1E7A4F7556}") = "SmartCommerce.Persistence", "Common\Persistence\SmartCommerce.Persistence.csproj", "{24A2194A-6FBD-42CF-9393-746B1B76DB8C}"
EndProject
Project("{9A19103F-16F7-4668-BE54-9A1E7A4F7556}") = "SmartCommerce.Manager", "Manager\SmartCommerce.Manager.csproj", "{22FE2452-53FC-409F-9060-CE671C20A576}"
EndProject
Project("{9A19103F-16F7-4668-BE54-9A1E7A4F7556}") = "SmartCommerce.Resource", "Common\Resource\SmartCommerce.Resource.csproj", "{FE65656B-FFE3-465A-BAAD-C8E0F465DA3A}"
EndProject
Global
	GlobalSection(SolutionConfigurationPlatforms) = preSolution
		Debug|Any CPU = Debug|Any CPU
		Release|Any CPU = Release|Any CPU
	EndGlobalSection
	GlobalSection(ProjectConfigurationPlatforms) = postSolution
		{0FAD61B2-585F-46EC-9D78-6A3616DD76C6}.Debug|Any CPU.ActiveCfg = Debug|Any CPU
		{0FAD61B2-585F-46EC-9D78-6A3616DD76C6}.Debug|Any CPU.Build.0 = Debug|Any CPU
		{0FAD61B2-585F-46EC-9D78-6A3616DD76C6}.Release|Any CPU.ActiveCfg = Release|Any CPU
		{0FAD61B2-585F-46EC-9D78-6A3616DD76C6}.Release|Any CPU.Build.0 = Release|Any CPU
		{FE81A6D3-07B1-428B-9C65-00ABA9004F18}.Debug|Any CPU.ActiveCfg = Debug|Any CPU
		{FE81A6D3-07B1-428B-9C65-00ABA9004F18}.Debug|Any CPU.Build.0 = Debug|Any CPU
		{FE81A6D3-07B1-428B-9C65-00ABA9004F18}.Release|Any CPU.ActiveCfg = Release|Any CPU
		{FE81A6D3-07B1-428B-9C65-00ABA9004F18}.Release|Any CPU.Build.0 = Release|Any CPU
		{6ED7329A-3EC9-486E-8329-ED3EEAA69BFC}.Debug|Any CPU.ActiveCfg = Debug|Any CPU
		{6ED7329A-3EC9-486E-8329-ED3EEAA69BFC}.Debug|Any CPU.Build.0 = Debug|Any CPU
		{6ED7329A-3EC9-486E-8329-ED3EEAA69BFC}.Release|Any CPU.ActiveCfg = Release|Any CPU
		{6ED7329A-3EC9-486E-8329-ED3EEAA69BFC}.Release|Any CPU.Build.0 = Release|Any CPU
		{24A2194A-6FBD-42CF-9393-746B1B76DB8C}.Debug|Any CPU.ActiveCfg = Debug|Any CPU
		{24A2194A-6FBD-42CF-9393-746B1B76DB8C}.Debug|Any CPU.Build.0 = Debug|Any CPU
		{24A2194A-6FBD-42CF-9393-746B1B76DB8C}.Release|Any CPU.ActiveCfg = Release|Any CPU
		{24A2194A-6FBD-42CF-9393-746B1B76DB8C}.Release|Any CPU.Build.0 = Release|Any CPU
		{22FE2452-53FC-409F-9060-CE671C20A576}.Debug|Any CPU.ActiveCfg = Debug|Any CPU
		{22FE2452-53FC-409F-9060-CE671C20A576}.Debug|Any CPU.Build.0 = Debug|Any CPU
		{22FE2452-53FC-409F-9060-CE671C20A576}.Release|Any CPU.ActiveCfg = Release|Any CPU
		{22FE2452-53FC-409F-9060-CE671C20A576}.Release|Any CPU.Build.0 = Release|Any CPU
		{FE65656B-FFE3-465A-BAAD-C8E0F465DA3A}.Debug|Any CPU.ActiveCfg = Debug|Any CPU
		{FE65656B-FFE3-465A-BAAD-C8E0F465DA3A}.Debug|Any CPU.Build.0 = Debug|Any CPU
		{FE65656B-FFE3-465A-BAAD-C8E0F465DA3A}.Release|Any CPU.ActiveCfg = Release|Any CPU
		{FE65656B-FFE3-465A-BAAD-C8E0F465DA3A}.Release|Any CPU.Build.0 = Release|Any CPU
	EndGlobalSection
	GlobalSection(SolutionProperties) = preSolution
		HideSolutionNode = FALSE
	EndGlobalSection
	GlobalSection(ExtensibilityGlobals) = postSolution
		SolutionGuid = {97F0EF9C-A48D-4C35-9DDA-7D9E0AF3855A}
	EndGlobalSection
EndGlobal
